// !$*UTF8*$!
{
	archiveVersion = 1;
	classes = {
	};
	objectVersion = 56;
	objects = {

/* Begin PBXBuildFile section */
		F9D3AF81293952DE00F8DCA6 /* TugasSesi4App.swift in Sources */ = {isa = PBXBuildFile; fileRef = F9D3AF80293952DE00F8DCA6 /* TugasSesi4App.swift */; };
		F9D3AF85293952E000F8DCA6 /* Assets.xcassets in Resources */ = {isa = PBXBuildFile; fileRef = F9D3AF84293952E000F8DCA6 /* Assets.xcassets */; };
		F9D3AF88293952E000F8DCA6 /* Preview Assets.xcassets in Resources */ = {isa = PBXBuildFile; fileRef = F9D3AF87293952E000F8DCA6 /* Preview Assets.xcassets */; };
		F9D3AF902939533600F8DCA6 /* ActivityView in Frameworks */ = {isa = PBXBuildFile; productRef = F9D3AF8F2939533600F8DCA6 /* ActivityView */; };
		F9D3AF932939534A00F8DCA6 /* CachedAsyncImage in Frameworks */ = {isa = PBXBuildFile; productRef = F9D3AF922939534A00F8DCA6 /* CachedAsyncImage */; };
		F9D3AF972939539C00F8DCA6 /* Article.swift in Sources */ = {isa = PBXBuildFile; fileRef = F9D3AF962939539C00F8DCA6 /* Article.swift */; };
		F9D3AF99293953C300F8DCA6 /* ArticleListView.swift in Sources */ = {isa = PBXBuildFile; fileRef = F9D3AF98293953C300F8DCA6 /* ArticleListView.swift */; };
		F9D3AF9B2939542000F8DCA6 /* MainView.swift in Sources */ = {isa = PBXBuildFile; fileRef = F9D3AF9A2939542000F8DCA6 /* MainView.swift */; };
		F9D3AF9D2939574100F8DCA6 /* CoffeeshopsModel.swift in Sources */ = {isa = PBXBuildFile; fileRef = F9D3AF9C2939574100F8DCA6 /* CoffeeshopsModel.swift */; };
		F9D3AF9F2939577200F8DCA6 /* CoffeeshopsListView.swift in Sources */ = {isa = PBXBuildFile; fileRef = F9D3AF9E2939577200F8DCA6 /* CoffeeshopsListView.swift */; };
		F9D3AFA1293957AE00F8DCA6 /* CoffeeDetailView.swift in Sources */ = {isa = PBXBuildFile; fileRef = F9D3AFA0293957AE00F8DCA6 /* CoffeeDetailView.swift */; };
/* End PBXBuildFile section */

/* Begin PBXFileReference section */
		F9D3AF7D293952DE00F8DCA6 /* TugasSesi4.app */ = {isa = PBXFileReference; explicitFileType = wrapper.application; includeInIndex = 0; path = TugasSesi4.app; sourceTree = BUILT_PRODUCTS_DIR; };
		F9D3AF80293952DE00F8DCA6 /* TugasSesi4App.swift */ = {isa = PBXFileReference; lastKnownFileType = sourcecode.swift; path = TugasSesi4App.swift; sourceTree = "<group>"; };
		F9D3AF84293952E000F8DCA6 /* Assets.xcassets */ = {isa = PBXFileReference; lastKnownFileType = folder.assetcatalog; path = Assets.xcassets; sourceTree = "<group>"; };
		F9D3AF87293952E000F8DCA6 /* Preview Assets.xcassets */ = {isa = PBXFileReference; lastKnownFileType = folder.assetcatalog; path = "Preview Assets.xcassets"; sourceTree = "<group>"; };
		F9D3AF962939539C00F8DCA6 /* Article.swift */ = {isa = PBXFileReference; lastKnownFileType = sourcecode.swift; path = Article.swift; sourceTree = "<group>"; };
		F9D3AF98293953C300F8DCA6 /* ArticleListView.swift */ = {isa = PBXFileReference; lastKnownFileType = sourcecode.swift; path = ArticleListView.swift; sourceTree = "<group>"; };
		F9D3AF9A2939542000F8DCA6 /* MainView.swift */ = {isa = PBXFileReference; lastKnownFileType = sourcecode.swift; path = MainView.swift; sourceTree = "<group>"; };
		F9D3AF9C2939574100F8DCA6 /* CoffeeshopsModel.swift */ = {isa = PBXFileReference; lastKnownFileType = sourcecode.swift; path = CoffeeshopsModel.swift; sourceTree = "<group>"; };
		F9D3AF9E2939577200F8DCA6 /* CoffeeshopsListView.swift */ = {isa = PBXFileReference; lastKnownFileType = sourcecode.swift; path = CoffeeshopsListView.swift; sourceTree = "<group>"; };
		F9D3AFA0293957AE00F8DCA6 /* CoffeeDetailView.swift */ = {isa = PBXFileReference; lastKnownFileType = sourcecode.swift; path = CoffeeDetailView.swift; sourceTree = "<group>"; };
/* End PBXFileReference section */

/* Begin PBXFrameworksBuildPhase section */
		F9D3AF7A293952DE00F8DCA6 /* Frameworks */ = {
			isa = PBXFrameworksBuildPhase;
			buildActionMask = 2147483647;
			files = (
				F9D3AF902939533600F8DCA6 /* ActivityView in Frameworks */,
				F9D3AF932939534A00F8DCA6 /* CachedAsyncImage in Frameworks */,
			);
			runOnlyForDeploymentPostprocessing = 0;
		};
/* End PBXFrameworksBuildPhase section */

/* Begin PBXGroup section */
		F9D3AF74293952DE00F8DCA6 = {
			isa = PBXGroup;
			children = (
				F9D3AF7F293952DE00F8DCA6 /* TugasSesi4 */,
				F9D3AF7E293952DE00F8DCA6 /* Products */,
			);
			sourceTree = "<group>";
		};
		F9D3AF7E293952DE00F8DCA6 /* Products */ = {
			isa = PBXGroup;
			children = (
				F9D3AF7D293952DE00F8DCA6 /* TugasSesi4.app */,
			);
			name = Products;
			sourceTree = "<group>";
		};
		F9D3AF7F293952DE00F8DCA6 /* TugasSesi4 */ = {
			isa = PBXGroup;
			children = (
				F9D3AF952939538100F8DCA6 /* Model */,
				F9D3AF942939537D00F8DCA6 /* View */,
				F9D3AF80293952DE00F8DCA6 /* TugasSesi4App.swift */,
				F9D3AF84293952E000F8DCA6 /* Assets.xcassets */,
				F9D3AF86293952E000F8DCA6 /* Preview Content */,
				F9D3AF9A2939542000F8DCA6 /* MainView.swift */,
			);
			path = TugasSesi4;
			sourceTree = "<group>";
		};
		F9D3AF86293952E000F8DCA6 /* Preview Content */ = {
			isa = PBXGroup;
			children = (
				F9D3AF87293952E000F8DCA6 /* Preview Assets.xcassets */,
			);
			path = "Preview Content";
			sourceTree = "<group>";
		};
		F9D3AF942939537D00F8DCA6 /* View */ = {
			isa = PBXGroup;
			children = (
				F9D3AF98293953C300F8DCA6 /* ArticleListView.swift */,
				F9D3AF9E2939577200F8DCA6 /* CoffeeshopsListView.swift */,
				F9D3AFA0293957AE00F8DCA6 /* CoffeeDetailView.swift */,
			);
			path = View;
			sourceTree = "<group>";
		};
		F9D3AF952939538100F8DCA6 /* Model */ = {
			isa = PBXGroup;
			children = (
				F9D3AF962939539C00F8DCA6 /* Article.swift */,
				F9D3AF9C2939574100F8DCA6 /* CoffeeshopsModel.swift */,
			);
			path = Model;
			sourceTree = "<group>";
		};
/* End PBXGroup section */

/* Begin PBXNativeTarget section */
		F9D3AF7C293952DE00F8DCA6 /* TugasSesi4 */ = {
			isa = PBXNativeTarget;
			buildConfigurationList = F9D3AF8B293952E000F8DCA6 /* Build configuration list for PBXNativeTarget "TugasSesi4" */;
			buildPhases = (
				F9D3AF79293952DE00F8DCA6 /* Sources */,
				F9D3AF7A293952DE00F8DCA6 /* Frameworks */,
				F9D3AF7B293952DE00F8DCA6 /* Resources */,
			);
			buildRules = (
			);
			dependencies = (
			);
			name = TugasSesi4;
			packageProductDependencies = (
				F9D3AF8F2939533600F8DCA6 /* ActivityView */,
				F9D3AF922939534A00F8DCA6 /* CachedAsyncImage */,
			);
			productName = TugasSesi4;
			productReference = F9D3AF7D293952DE00F8DCA6 /* TugasSesi4.app */;
			productType = "com.apple.product-type.application";
		};
/* End PBXNativeTarget section */

/* Begin PBXProject section */
		F9D3AF75293952DE00F8DCA6 /* Project object */ = {
			isa = PBXProject;
			attributes = {
				BuildIndependentTargetsInParallel = 1;
				LastSwiftUpdateCheck = 1400;
				LastUpgradeCheck = 1400;
				TargetAttributes = {
					F9D3AF7C293952DE00F8DCA6 = {
						CreatedOnToolsVersion = 14.0.1;
					};
				};
			};
			buildConfigurationList = F9D3AF78293952DE00F8DCA6 /* Build configuration list for PBXProject "TugasSesi4" */;
			compatibilityVersion = "Xcode 14.0";
			developmentRegion = en;
			hasScannedForEncodings = 0;
			knownRegions = (
				en,
				Base,
			);
			mainGroup = F9D3AF74293952DE00F8DCA6;
			packageReferences = (
				F9D3AF8E2939533600F8DCA6 /* XCRemoteSwiftPackageReference "ActivityView" */,
				F9D3AF912939534A00F8DCA6 /* XCRemoteSwiftPackageReference "swiftui-cached-async-image" */,
			);
			productRefGroup = F9D3AF7E293952DE00F8DCA6 /* Products */;
			projectDirPath = "";
			projectRoot = "";
			targets = (
				F9D3AF7C293952DE00F8DCA6 /* TugasSesi4 */,
			);
		};
/* End PBXProject section */

/* Begin PBXResourcesBuildPhase section */
		F9D3AF7B293952DE00F8DCA6 /* Resources */ = {
			isa = PBXResourcesBuildPhase;
			buildActionMask = 2147483647;
			files = (
				F9D3AF88293952E000F8DCA6 /* Preview Assets.xcassets in Resources */,
				F9D3AF85293952E000F8DCA6 /* Assets.xcassets in Resources */,
			);
			runOnlyForDeploymentPostprocessing = 0;
		};
/* End PBXResourcesBuildPhase section */

/* Begin PBXSourcesBuildPhase section */
		F9D3AF79293952DE00F8DCA6 /* Sources */ = {
			isa = PBXSourcesBuildPhase;
			buildActionMask = 2147483647;
			files = (
				F9D3AF9F2939577200F8DCA6 /* CoffeeshopsListView.swift in Sources */,
				F9D3AF9D2939574100F8DCA6 /* CoffeeshopsModel.swift in Sources */,
				F9D3AF81293952DE00F8DCA6 /* TugasSesi4App.swift in Sources */,
				F9D3AF972939539C00F8DCA6 /* Article.swift in Sources */,
				F9D3AFA1293957AE00F8DCA6 /* CoffeeDetailView.swift in Sources */,
				F9D3AF9B2939542000F8DCA6 /* MainView.swift in Sources */,
				F9D3AF99293953C300F8DCA6 /* ArticleListView.swift in Sources */,
			);
			runOnlyForDeploymentPostprocessing = 0;
		};
/* End PBXSourcesBuildPhase section */

/* Begin XCBuildConfiguration section */
		F9D3AF89293952E000F8DCA6 /* Debug */ = {
			isa = XCBuildConfiguration;
			buildSettings = {
				ALWAYS_SEARCH_USER_PATHS = NO;
				CLANG_ANALYZER_NONNULL = YES;
				CLANG_ANALYZER_NUMBER_OBJECT_CONVERSION = YES_AGGRESSIVE;
				CLANG_CXX_LANGUAGE_STANDARD = "gnu++20";
				CLANG_ENABLE_MODULES = YES;
				CLANG_ENABLE_OBJC_ARC = YES;
				CLANG_ENABLE_OBJC_WEAK = YES;
				CLANG_WARN_BLOCK_CAPTURE_AUTORELEASING = YES;
				CLANG_WARN_BOOL_CONVERSION = YES;
				CLANG_WARN_COMMA = YES;
				CLANG_WARN_CONSTANT_CONVERSION = YES;
				CLANG_WARN_DEPRECATED_OBJC_IMPLEMENTATIONS = YES;
				CLANG_WARN_DIRECT_OBJC_ISA_USAGE = YES_ERROR;
				CLANG_WARN_DOCUMENTATION_COMMENTS = YES;
				CLANG_WARN_EMPTY_BODY = YES;
				CLANG_WARN_ENUM_CONVERSION = YES;
				CLANG_WARN_INFINITE_RECURSION = YES;
				CLANG_WARN_INT_CONVERSION = YES;
				CLANG_WARN_NON_LITERAL_NULL_CONVERSION = YES;
				CLANG_WARN_OBJC_IMPLICIT_RETAIN_SELF = YES;
				CLANG_WARN_OBJC_LITERAL_CONVERSION = YES;
				CLANG_WARN_OBJC_ROOT_CLASS = YES_ERROR;
				CLANG_WARN_QUOTED_INCLUDE_IN_FRAMEWORK_HEADER = YES;
				CLANG_WARN_RANGE_LOOP_ANALYSIS = YES;
				CLANG_WARN_STRICT_PROTOTYPES = YES;
				CLANG_WARN_SUSPICIOUS_MOVE = YES;
				CLANG_WARN_UNGUARDED_AVAILABILITY = YES_AGGRESSIVE;
				CLANG_WARN_UNREACHABLE_CODE = YES;
				CLANG_WARN__DUPLICATE_METHOD_MATCH = YES;
				COPY_PHASE_STRIP = NO;
				DEBUG_INFORMATION_FORMAT = dwarf;
				ENABLE_STRICT_OBJC_MSGSEND = YES;
				ENABLE_TESTABILITY = YES;
				GCC_C_LANGUAGE_STANDARD = gnu11;
				GCC_DYNAMIC_NO_PIC = NO;
				GCC_NO_COMMON_BLOCKS = YES;
				GCC_OPTIMIZATION_LEVEL = 0;
				GCC_PREPROCESSOR_DEFINITIONS = (
					"DEBUG=1",
					"$(inherited)",
				);
				GCC_WARN_64_TO_32_BIT_CONVERSION = YES;
				GCC_WARN_ABOUT_RETURN_TYPE = YES_ERROR;
				GCC_WARN_UNDECLARED_SELECTOR = YES;
				GCC_WARN_UNINITIALIZED_AUTOS = YES_AGGRESSIVE;
				GCC_WARN_UNUSED_FUNCTION = YES;
				GCC_WARN_UNUSED_VARIABLE = YES;
				IPHONEOS_DEPLOYMENT_TARGET = 16.0;
				MTL_ENABLE_DEBUG_INFO = INCLUDE_SOURCE;
				MTL_FAST_MATH = YES;
				ONLY_ACTIVE_ARCH = YES;
				SDKROOT = iphoneos;
				SWIFT_ACTIVE_COMPILATION_CONDITIONS = DEBUG;
				SWIFT_OPTIMIZATION_LEVEL = "-Onone";
			};
			name = Debug;
		};
		F9D3AF8A293952E000F8DCA6 /* Release */ = {
			isa = XCBuildConfiguration;
			buildSettings = {
				ALWAYS_SEARCH_USER_PATHS = NO;
				CLANG_ANALYZER_NONNULL = YES;
				CLANG_ANALYZER_NUMBER_OBJECT_CONVERSION = YES_AGGRESSIVE;
				CLANG_CXX_LANGUAGE_STANDARD = "gnu++20";
				CLANG_ENABLE_MODULES = YES;
				CLANG_ENABLE_OBJC_ARC = YES;
				CLANG_ENABLE_OBJC_WEAK = YES;
				CLANG_WARN_BLOCK_CAPTURE_AUTORELEASING = YES;
				CLANG_WARN_BOOL_CONVERSION = YES;
				CLANG_WARN_COMMA = YES;
				CLANG_WARN_CONSTANT_CONVERSION = YES;
				CLANG_WARN_DEPRECATED_OBJC_IMPLEMENTATIONS = YES;
				CLANG_WARN_DIRECT_OBJC_ISA_USAGE = YES_ERROR;
				CLANG_WARN_DOCUMENTATION_COMMENTS = YES;
				CLANG_WARN_EMPTY_BODY = YES;
				CLANG_WARN_ENUM_CONVERSION = YES;
				CLANG_WARN_INFINITE_RECURSION = YES;
				CLANG_WARN_INT_CONVERSION = YES;
				CLANG_WARN_NON_LITERAL_NULL_CONVERSION = YES;
				CLANG_WARN_OBJC_IMPLICIT_RETAIN_SELF = YES;
				CLANG_WARN_OBJC_LITERAL_CONVERSION = YES;
				CLANG_WARN_OBJC_ROOT_CLASS = YES_ERROR;
				CLANG_WARN_QUOTED_INCLUDE_IN_FRAMEWORK_HEADER = YES;
				CLANG_WARN_RANGE_LOOP_ANALYSIS = YES;
				CLANG_WARN_STRICT_PROTOTYPES = YES;
				CLANG_WARN_SUSPICIOUS_MOVE = YES;
				CLANG_WARN_UNGUARDED_AVAILABILITY = YES_AGGRESSIVE;
				CLANG_WARN_UNREACHABLE_CODE = YES;
				CLANG_WARN__DUPLICATE_METHOD_MATCH = YES;
				COPY_PHASE_STRIP = NO;
				DEBUG_INFORMATION_FORMAT = "dwarf-with-dsym";
				ENABLE_NS_ASSERTIONS = NO;
				ENABLE_STRICT_OBJC_MSGSEND = YES;
				GCC_C_LANGUAGE_STANDARD = gnu11;
				GCC_NO_COMMON_BLOCKS = YES;
				GCC_WARN_64_TO_32_BIT_CONVERSION = YES;
				GCC_WARN_ABOUT_RETURN_TYPE = YES_ERROR;
				GCC_WARN_UNDECLARED_SELECTOR = YES;
				GCC_WARN_UNINITIALIZED_AUTOS = YES_AGGRESSIVE;
				GCC_WARN_UNUSED_FUNCTION = YES;
				GCC_WARN_UNUSED_VARIABLE = YES;
				IPHONEOS_DEPLOYMENT_TARGET = 16.0;
				MTL_ENABLE_DEBUG_INFO = NO;
				MTL_FAST_MATH = YES;
				SDKROOT = iphoneos;
				SWIFT_COMPILATION_MODE = wholemodule;
				SWIFT_OPTIMIZATION_LEVEL = "-O";
				VALIDATE_PRODUCT = YES;
			};
			name = Release;
		};
		F9D3AF8C293952E000F8DCA6 /* Debug */ = {
			isa = XCBuildConfiguration;
			buildSettings = {
				ASSETCATALOG_COMPILER_APPICON_NAME = AppIcon;
				ASSETCATALOG_COMPILER_GLOBAL_ACCENT_COLOR_NAME = AccentColor;
				CODE_SIGN_STYLE = Automatic;
				CURRENT_PROJECT_VERSION = 1;
				DEVELOPMENT_ASSET_PATHS = "\"TugasSesi4/Preview Content\"";
				DEVELOPMENT_TEAM = Q7SSN8TMQD;
				ENABLE_PREVIEWS = YES;
				GENERATE_INFOPLIST_FILE = YES;
				INFOPLIST_KEY_UIApplicationSceneManifest_Generation = YES;
				INFOPLIST_KEY_UIApplicationSupportsIndirectInputEvents = YES;
				INFOPLIST_KEY_UILaunchScreen_Generation = YES;
				INFOPLIST_KEY_UISupportedInterfaceOrientations_iPad = "UIInterfaceOrientationPortrait UIInterfaceOrientationPortraitUpsideDown UIInterfaceOrientationLandscapeLeft UIInterfaceOrientationLandscapeRight";
				INFOPLIST_KEY_UISupportedInterfaceOrientations_iPhone = "UIInterfaceOrientationPortrait UIInterfaceOrientationLandscapeLeft UIInterfaceOrientationLandscapeRight";
				LD_RUNPATH_SEARCH_PATHS = (
					"$(inherited)",
					"@executable_path/Frameworks",
				);
				MARKETING_VERSION = 1.0;
				PRODUCT_BUNDLE_IDENTIFIER = com.ihsansatriawan.TugasSesi4;
				PRODUCT_NAME = "$(TARGET_NAME)";
				SWIFT_EMIT_LOC_STRINGS = YES;
				SWIFT_VERSION = 5.0;
				TARGETED_DEVICE_FAMILY = "1,2";
			};
			name = Debug;
		};
		F9D3AF8D293952E000F8DCA6 /* Release */ = {
			isa = XCBuildConfiguration;
			buildSettings = {
				ASSETCATALOG_COMPILER_APPICON_NAME = AppIcon;
				ASSETCATALOG_COMPILER_GLOBAL_ACCENT_COLOR_NAME = AccentColor;
				CODE_SIGN_STYLE = Automatic;
				CURRENT_PROJECT_VERSION = 1;
				DEVELOPMENT_ASSET_PATHS = "\"TugasSesi4/Preview Content\"";
				DEVELOPMENT_TEAM = Q7SSN8TMQD;
				ENABLE_PREVIEWS = YES;
				GENERATE_INFOPLIST_FILE = YES;
				INFOPLIST_KEY_UIApplicationSceneManifest_Generation = YES;
				INFOPLIST_KEY_UIApplicationSupportsIndirectInputEvents = YES;
				INFOPLIST_KEY_UILaunchScreen_Generation = YES;
				INFOPLIST_KEY_UISupportedInterfaceOrientations_iPad = "UIInterfaceOrientationPortrait UIInterfaceOrientationPortraitUpsideDown UIInterfaceOrientationLandscapeLeft UIInterfaceOrientationLandscapeRight";
				INFOPLIST_KEY_UISupportedInterfaceOrientations_iPhone = "UIInterfaceOrientationPortrait UIInterfaceOrientationLandscapeLeft UIInterfaceOrientationLandscapeRight";
				LD_RUNPATH_SEARCH_PATHS = (
					"$(inherited)",
					"@executable_path/Frameworks",
				);
				MARKETING_VERSION = 1.0;
				PRODUCT_BUNDLE_IDENTIFIER = com.ihsansatriawan.TugasSesi4;
				PRODUCT_NAME = "$(TARGET_NAME)";
				SWIFT_EMIT_LOC_STRINGS = YES;
				SWIFT_VERSION = 5.0;
				TARGETED_DEVICE_FAMILY = "1,2";
			};
			name = Release;
		};
/* End XCBuildConfiguration section */

/* Begin XCConfigurationList section */
		F9D3AF78293952DE00F8DCA6 /* Build configuration list for PBXProject "TugasSesi4" */ = {
			isa = XCConfigurationList;
			buildConfigurations = (
				F9D3AF89293952E000F8DCA6 /* Debug */,
				F9D3AF8A293952E000F8DCA6 /* Release */,
			);
			defaultConfigurationIsVisible = 0;
			defaultConfigurationName = Release;
		};
		F9D3AF8B293952E000F8DCA6 /* Build configuration list for PBXNativeTarget "TugasSesi4" */ = {
			isa = XCConfigurationList;
			buildConfigurations = (
				F9D3AF8C293952E000F8DCA6 /* Debug */,
				F9D3AF8D293952E000F8DCA6 /* Release */,
			);
			defaultConfigurationIsVisible = 0;
			defaultConfigurationName = Release;
		};
/* End XCConfigurationList section */

/* Begin XCRemoteSwiftPackageReference section */
		F9D3AF8E2939533600F8DCA6 /* XCRemoteSwiftPackageReference "ActivityView" */ = {
			isa = XCRemoteSwiftPackageReference;
			repositoryURL = "https://github.com/SwiftUI-Plus/ActivityView.git";
			requirement = {
				kind = upToNextMajorVersion;
				minimumVersion = 1.0.0;
			};
		};
		F9D3AF912939534A00F8DCA6 /* XCRemoteSwiftPackageReference "swiftui-cached-async-image" */ = {
			isa = XCRemoteSwiftPackageReference;
			repositoryURL = "https://github.com/lorenzofiamingo/swiftui-cached-async-image";
			requirement = {
				branch = main;
				kind = branch;
			};
		};
/* End XCRemoteSwiftPackageReference section */

/* Begin XCSwiftPackageProductDependency section */
		F9D3AF8F2939533600F8DCA6 /* ActivityView */ = {
			isa = XCSwiftPackageProductDependency;
			package = F9D3AF8E2939533600F8DCA6 /* XCRemoteSwiftPackageReference "ActivityView" */;
			productName = ActivityView;
		};
		F9D3AF922939534A00F8DCA6 /* CachedAsyncImage */ = {
			isa = XCSwiftPackageProductDependency;
			package = F9D3AF912939534A00F8DCA6 /* XCRemoteSwiftPackageReference "swiftui-cached-async-image" */;
			productName = CachedAsyncImage;
		};
/* End XCSwiftPackageProductDependency section */
	};
	rootObject = F9D3AF75293952DE00F8DCA6 /* Project object */;
}
